#
# This file is autogenerated by pip-compile with Python 3.11
# by the following command:
#
#    pip-compile --output-file=requirements-core.lock requirements-core.txt
#
aiohappyeyeballs==2.5.0
    # via aiohttp
aiohttp==3.11.13
    # via -r requirements-core.txt
aiosignal==1.3.2
    # via aiohttp
annotated-types==0.7.0
    # via pydantic
attrs==25.1.0
    # via aiohttp
certifi==2025.1.31
    # via requests
cffi==1.17.1
    # via cryptography
charset-normalizer==3.4.1
    # via requests
click==8.1.8
    # via -r requirements-core.txt
colorama==0.4.6
    # via
    #   click
    #   loguru
cryptography==44.0.2
    # via -r requirements-core.txt
cytoolz==1.0.1
    # via eth-utils
dnspython==2.7.0
    # via pymongo
eth-abi==5.2.0
    # via -r requirements-core.txt
eth-hash==0.7.1
    # via eth-utils
eth-typing==5.2.0
    # via
    #   eth-abi
    #   eth-utils
eth-utils==5.2.0
    # via eth-abi
frozenlist==1.5.0
    # via
    #   aiohttp
    #   aiosignal
gunicorn==23.0.0
    # via -r requirements-core.txt
idna==3.10
    # via
    #   requests
    #   yarl
joblib==1.4.2
    # via scikit-learn
loguru==0.7.3
    # via -r requirements-core.txt
markdown-it-py==3.0.0
    # via rich
mdurl==0.1.2
    # via markdown-it-py
multidict==6.1.0
    # via
    #   aiohttp
    #   yarl
numpy==2.2.3
    # via
    #   scikit-learn
    #   scipy
packaging==24.2
    # via gunicorn
parsimonious==0.10.0
    # via eth-abi
propcache==0.3.0
    # via
    #   aiohttp
    #   yarl
pyarrow==19.0.1
    # via -r requirements-core.txt
pycparser==2.22
    # via cffi
pydantic==2.10.6
    # via -r requirements-core.txt
pydantic-core==2.27.2
    # via pydantic
pygments==2.19.1
    # via rich
pymongo==4.11.2
    # via -r requirements-core.txt
python-dotenv==1.0.1
    # via -r requirements-core.txt
regex==2024.11.6
    # via parsimonious
requests==2.32.3
    # via -r requirements-core.txt
rich==13.9.4
    # via -r requirements-core.txt
scikit-learn==1.6.1
    # via -r requirements-core.txt
scipy==1.15.2
    # via scikit-learn
threadpoolctl==3.5.0
    # via scikit-learn
toolz==1.0.0
    # via cytoolz
typing-extensions==4.12.2
    # via
    #   eth-typing
    #   pydantic
    #   pydantic-core
urllib3==2.3.0
    # via requests
websockets==15.0.1
    # via -r requirements-core.txt
win32-setctime==1.2.0
    # via loguru
yarl==1.18.3
    # via aiohttp
